
Microsoft Visual Studio Solution File, Format Version 12.00
# Visual Studio Version 16
VisualStudioVersion = 16.0.30804.86
MinimumVisualStudioVersion = 10.0.40219.1
Project("{FAE04EC0-301F-11D3-BF4B-00C04F79EFBC}") = "seleniumTrendyol", "seleniumTrendyol.csproj", "{244C8376-A053-4961-BFE7-C00E6800845B}"
EndProject
Global
	GlobalSection(SolutionConfigurationPlatforms) = preSolution
		Debug|Any CPU = Debug|Any CPU
		Release|Any CPU = Release|Any CPU
	EndGlobalSection
	GlobalSection(ProjectConfigurationPlatforms) = postSolution
		{244C8376-A053-4961-BFE7-C00E6800845B}.Debug|Any CPU.ActiveCfg = Debug|Any CPU
		{244C8376-A053-4961-BFE7-C00E6800845B}.Debug|Any CPU.Build.0 = Debug|Any CPU
		{244C8376-A053-4961-BFE7-C00E6800845B}.Release|Any CPU.ActiveCfg = Release|Any CPU
		{244C8376-A053-4961-BFE7-C00E6800845B}.Release|Any CPU.Build.0 = Release|Any CPU
	EndGlobalSection
	GlobalSection(SolutionProperties) = preSolution
		HideSolutionNode = FALSE
	EndGlobalSection
	GlobalSection(ExtensibilityGlobals) = postSolution
		SolutionGuid = {24E93D99-CE3B-4FE8-BF23-7C853FBBA3DF}
	EndGlobalSection
EndGlobal
